
Microsoft Visual Studio Solution File, Format Version 12.00
# Visual Studio Version 16
VisualStudioVersion = 16.0.32407.337
MinimumVisualStudioVersion = 10.0.40219.1
Project("{FAE04EC0-301F-11D3-BF4B-00C04F79EFBC}") = "Hello World", "Hello World\Hello World.csproj", "{C28B32B3-5C39-40D2-B89F-0A5A9CC809F3}"
EndProject
Project("{9A19103F-16F7-4668-BE54-9A1E7A4F7556}") = "exemples Kahoot", "exemples Kahoot\exemples Kahoot.csproj", "{9C68148B-014B-44E9-969A-5094D5BAC1B5}"
EndProject
Project("{2150E333-8FDC-42A3-9474-1A3956D46DE8}") = "Cours", "Cours", "{D7A127BA-0BE6-4F62-B63D-43F8C75CCAC1}"
EndProject
Project("{2150E333-8FDC-42A3-9474-1A3956D46DE8}") = "Kahoot", "Kahoot", "{C62DBF2F-6037-496D-9E2A-0293A913B3ED}"
EndProject
Project("{2150E333-8FDC-42A3-9474-1A3956D46DE8}") = "Exercices", "Exercices", "{E5E955B2-ABC8-4B88-8FB1-A89104EAE144}"
EndProject
Project("{2150E333-8FDC-42A3-9474-1A3956D46DE8}") = "Chapitre 02 - Les bases", "Chapitre 02 - Les bases", "{525397C5-4D53-450E-8D1B-BC46A687A3CA}"
EndProject
Project("{2150E333-8FDC-42A3-9474-1A3956D46DE8}") = "Chapitre 01 - Introduction", "Chapitre 01 - Introduction", "{0D3D875B-86D8-4F23-AF02-5FFF1DCD7AB8}"
EndProject
Project("{2150E333-8FDC-42A3-9474-1A3956D46DE8}") = "Chapitre 01 - Introduction", "Chapitre 01 - Introduction", "{76A3B5C2-1EBA-4C18-BEF8-CF5EF26D5198}"
EndProject
Project("{FAE04EC0-301F-11D3-BF4B-00C04F79EFBC}") = "01 - ex 1,2 et 3", "01 - ex 1,2 et 3\01 - ex 1,2 et 3.csproj", "{0C420766-E744-42A4-8726-61416780182C}"
EndProject
Project("{2150E333-8FDC-42A3-9474-1A3956D46DE8}") = "Chapitre 02 - Les bases", "Chapitre 02 - Les bases", "{037E0E12-90E5-453E-8053-213D11B18763}"
EndProject
Project("{2150E333-8FDC-42A3-9474-1A3956D46DE8}") = "Chapitre 03 - Diagrammes memoire", "Chapitre 03 - Diagrammes memoire", "{3EF5CAB6-1453-4795-A76E-CEA80723E5F2}"
EndProject
Project("{FAE04EC0-301F-11D3-BF4B-00C04F79EFBC}") = "03 - code", "03 - code\03 - code.csproj", "{581387E7-3AA8-42CA-A2E1-497B4E1BBE60}"
EndProject
Project("{FAE04EC0-301F-11D3-BF4B-00C04F79EFBC}") = "02 - exercices", "02 - exercices\02 - exercices.csproj", "{90498C00-D917-4AE4-8718-48863E9DE5CA}"
EndProject
Project("{2150E333-8FDC-42A3-9474-1A3956D46DE8}") = "Chapitre 04 - Les methodes", "Chapitre 04 - Les methodes", "{FF634AD5-8969-42BB-992A-D078AABB7ABF}"
EndProject
Project("{FAE04EC0-301F-11D3-BF4B-00C04F79EFBC}") = "04 - code", "04 - code\04 - code.csproj", "{2CAED9DD-B12C-41F9-9985-E35C20B5C9D0}"
EndProject
Project("{8BC9CEB8-8B4A-11D0-8D11-00A0C91BC942}") = "test", "test\test.vcxproj", "{3992A3CA-EBD9-4222-A0D0-A5DF855FCAE3}"
EndProject
Project("{2150E333-8FDC-42A3-9474-1A3956D46DE8}") = "Chapitre 04 - Les methodes", "Chapitre 04 - Les methodes", "{274FA3E8-6853-433E-8538-DF37B63FC0CE}"
EndProject
Project("{FAE04EC0-301F-11D3-BF4B-00C04F79EFBC}") = "04- correction", "04- correction\04- correction.csproj", "{C3FD7D2E-A997-46AF-A072-2EC30223E9DE}"
EndProject
Project("{2150E333-8FDC-42A3-9474-1A3956D46DE8}") = "Chapitre 05 - Principes de la POO", "Chapitre 05 - Principes de la POO", "{6FD3DAD0-B29F-42D9-8586-7F0181040B54}"
EndProject
Project("{FAE04EC0-301F-11D3-BF4B-00C04F79EFBC}") = "05 - kahoot", "05 - kahoot\05 - kahoot.csproj", "{0E127D58-DD41-4B2F-B4C4-9713CE649ACC}"
EndProject
Project("{2150E333-8FDC-42A3-9474-1A3956D46DE8}") = "Chapitre 06 - Heritage et polymorphisme", "Chapitre 06 - Heritage et polymorphisme", "{B9170F3C-1242-44C7-8D35-86F891A9AB38}"
EndProject
Project("{FAE04EC0-301F-11D3-BF4B-00C04F79EFBC}") = "06 - code", "06 - code\06 - code.csproj", "{C953BF1F-3C7E-4882-8304-AC758D6FAE14}"
EndProject
Project("{2150E333-8FDC-42A3-9474-1A3956D46DE8}") = "Chapitre 05 - Principes de la POO", "Chapitre 05 - Principes de la POO", "{7AE4C0D5-937E-4C39-9C06-E2F0AFC5A1D0}"
EndProject
Project("{FAE04EC0-301F-11D3-BF4B-00C04F79EFBC}") = "05 - exercices", "05 - exercices\05 - exercices.csproj", "{159EDAE3-A22E-44C5-A9BC-1FC42AECD5A8}"
EndProject
Project("{2150E333-8FDC-42A3-9474-1A3956D46DE8}") = "Chapitre 05 - Principes de la POO", "Chapitre 05 - Principes de la POO", "{061BC21C-1FCA-4B1E-9D0B-02FBDFF48D7F}"
EndProject
Project("{FAE04EC0-301F-11D3-BF4B-00C04F79EFBC}") = "05 - exemple", "05 - exemple\05 - exemple.csproj", "{3AB8DAB0-55FE-43BE-A8CA-7E31D53DD0D7}"
EndProject
Project("{2150E333-8FDC-42A3-9474-1A3956D46DE8}") = "Chapitre 08 - Classes string, Arraylist...", "Chapitre 08 - Classes string, Arraylist...", "{DF6A97B6-A8D3-4A6F-A89A-DBC69BD7DD8D}"
EndProject
Project("{FAE04EC0-301F-11D3-BF4B-00C04F79EFBC}") = "07 - code", "07 - code\07 - code.csproj", "{FAD5FB71-9409-48C2-B716-FDFEF2454B06}"
EndProject
Project("{2150E333-8FDC-42A3-9474-1A3956D46DE8}") = "Chapitre 07 - Delegues et evenements", "Chapitre 07 - Delegues et evenements", "{8A865DE6-862E-4B0D-A87B-3F558DBE7465}"
EndProject
Project("{FAE04EC0-301F-11D3-BF4B-00C04F79EFBC}") = "07 - exemple", "07 - exemple\07 - exemple.csproj", "{24BFCAB3-34ED-4203-8337-6E0196B58F4E}"
EndProject
Project("{2150E333-8FDC-42A3-9474-1A3956D46DE8}") = "Chapitre 07 - Delegues et evenements", "Chapitre 07 - Delegues et evenements", "{2ACB17F0-4291-4525-8EE0-51E741B61E48}"
EndProject
Project("{FAE04EC0-301F-11D3-BF4B-00C04F79EFBC}") = "07 - exemples de cours", "07 - exemples de cours\07 - exemples de cours.csproj", "{81CD8186-1475-4525-850C-B717795FDA2B}"
EndProject
Project("{2150E333-8FDC-42A3-9474-1A3956D46DE8}") = "Chapitre 07 - Delegues et evenements", "Chapitre 07 - Delegues et evenements", "{2643D6CB-EC00-4A42-991B-2B00FCF80A8E}"
EndProject
Project("{FAE04EC0-301F-11D3-BF4B-00C04F79EFBC}") = "07 - delegues", "07 - delegues\07 - delegues.csproj", "{67063781-102F-4202-BD0D-39D2CC255194}"
EndProject
Project("{2150E333-8FDC-42A3-9474-1A3956D46DE8}") = "Chapitre 10 - Les exceptions", "Chapitre 10 - Les exceptions", "{CBB45B4F-F89A-450C-AFA2-C16994649030}"
EndProject
Project("{FAE04EC0-301F-11D3-BF4B-00C04F79EFBC}") = "10 - code", "10 - code\10 - code.csproj", "{C55C1A66-440D-436B-8F25-8BB6EFB57253}"
EndProject
Project("{2150E333-8FDC-42A3-9474-1A3956D46DE8}") = "Chapitre 06 - Heritage et polymorphisme", "Chapitre 06 - Heritage et polymorphisme", "{CBB3A992-64BE-4795-BCD8-D6CFA4192ECE}"
EndProject
Project("{FAE04EC0-301F-11D3-BF4B-00C04F79EFBC}") = "06 - Classe abstraite", "06 - Classe abstraite\06 - Classe abstraite.csproj", "{8B0F652C-C962-492F-821B-A857EAEE4D07}"
EndProject
Project("{2150E333-8FDC-42A3-9474-1A3956D46DE8}") = "Chapitre 07 - Delegues et evts", "Chapitre 07 - Delegues et evts", "{FBE48A70-5A0B-42CC-BBE2-BF402B12A5CB}"
EndProject
Project("{FAE04EC0-301F-11D3-BF4B-00C04F79EFBC}") = "07 - DoorOpen", "07 - DoorOpen\07 - DoorOpen.csproj", "{2112846F-597B-4F48-A252-60CA40B37906}"
EndProject
Global
	GlobalSection(SolutionConfigurationPlatforms) = preSolution
		Debug|Any CPU = Debug|Any CPU
		Debug|x64 = Debug|x64
		Debug|x86 = Debug|x86
		Release|Any CPU = Release|Any CPU
		Release|x64 = Release|x64
		Release|x86 = Release|x86
	EndGlobalSection
	GlobalSection(ProjectConfigurationPlatforms) = postSolution
		{C28B32B3-5C39-40D2-B89F-0A5A9CC809F3}.Debug|Any CPU.ActiveCfg = Debug|Any CPU
		{C28B32B3-5C39-40D2-B89F-0A5A9CC809F3}.Debug|Any CPU.Build.0 = Debug|Any CPU
		{C28B32B3-5C39-40D2-B89F-0A5A9CC809F3}.Debug|x64.ActiveCfg = Debug|Any CPU
		{C28B32B3-5C39-40D2-B89F-0A5A9CC809F3}.Debug|x64.Build.0 = Debug|Any CPU
		{C28B32B3-5C39-40D2-B89F-0A5A9CC809F3}.Debug|x86.ActiveCfg = Debug|Any CPU
		{C28B32B3-5C39-40D2-B89F-0A5A9CC809F3}.Debug|x86.Build.0 = Debug|Any CPU
		{C28B32B3-5C39-40D2-B89F-0A5A9CC809F3}.Release|Any CPU.ActiveCfg = Release|Any CPU
		{C28B32B3-5C39-40D2-B89F-0A5A9CC809F3}.Release|Any CPU.Build.0 = Release|Any CPU
		{C28B32B3-5C39-40D2-B89F-0A5A9CC809F3}.Release|x64.ActiveCfg = Release|Any CPU
		{C28B32B3-5C39-40D2-B89F-0A5A9CC809F3}.Release|x64.Build.0 = Release|Any CPU
		{C28B32B3-5C39-40D2-B89F-0A5A9CC809F3}.Release|x86.ActiveCfg = Release|Any CPU
		{C28B32B3-5C39-40D2-B89F-0A5A9CC809F3}.Release|x86.Build.0 = Release|Any CPU
		{9C68148B-014B-44E9-969A-5094D5BAC1B5}.Debug|Any CPU.ActiveCfg = Debug|Any CPU
		{9C68148B-014B-44E9-969A-5094D5BAC1B5}.Debug|Any CPU.Build.0 = Debug|Any CPU
		{9C68148B-014B-44E9-969A-5094D5BAC1B5}.Debug|x64.ActiveCfg = Debug|Any CPU
		{9C68148B-014B-44E9-969A-5094D5BAC1B5}.Debug|x64.Build.0 = Debug|Any CPU
		{9C68148B-014B-44E9-969A-5094D5BAC1B5}.Debug|x86.ActiveCfg = Debug|Any CPU
		{9C68148B-014B-44E9-969A-5094D5BAC1B5}.Debug|x86.Build.0 = Debug|Any CPU
		{9C68148B-014B-44E9-969A-5094D5BAC1B5}.Release|Any CPU.ActiveCfg = Release|Any CPU
		{9C68148B-014B-44E9-969A-5094D5BAC1B5}.Release|Any CPU.Build.0 = Release|Any CPU
		{9C68148B-014B-44E9-969A-5094D5BAC1B5}.Release|x64.ActiveCfg = Release|Any CPU
		{9C68148B-014B-44E9-969A-5094D5BAC1B5}.Release|x64.Build.0 = Release|Any CPU
		{9C68148B-014B-44E9-969A-5094D5BAC1B5}.Release|x86.ActiveCfg = Release|Any CPU
		{9C68148B-014B-44E9-969A-5094D5BAC1B5}.Release|x86.Build.0 = Release|Any CPU
		{0C420766-E744-42A4-8726-61416780182C}.Debug|Any CPU.ActiveCfg = Debug|Any CPU
		{0C420766-E744-42A4-8726-61416780182C}.Debug|Any CPU.Build.0 = Debug|Any CPU
		{0C420766-E744-42A4-8726-61416780182C}.Debug|x64.ActiveCfg = Debug|Any CPU
		{0C420766-E744-42A4-8726-61416780182C}.Debug|x64.Build.0 = Debug|Any CPU
		{0C420766-E744-42A4-8726-61416780182C}.Debug|x86.ActiveCfg = Debug|Any CPU
		{0C420766-E744-42A4-8726-61416780182C}.Debug|x86.Build.0 = Debug|Any CPU
		{0C420766-E744-42A4-8726-61416780182C}.Release|Any CPU.ActiveCfg = Release|Any CPU
		{0C420766-E744-42A4-8726-61416780182C}.Release|Any CPU.Build.0 = Release|Any CPU
		{0C420766-E744-42A4-8726-61416780182C}.Release|x64.ActiveCfg = Release|Any CPU
		{0C420766-E744-42A4-8726-61416780182C}.Release|x64.Build.0 = Release|Any CPU
		{0C420766-E744-42A4-8726-61416780182C}.Release|x86.ActiveCfg = Release|Any CPU
		{0C420766-E744-42A4-8726-61416780182C}.Release|x86.Build.0 = Release|Any CPU
		{581387E7-3AA8-42CA-A2E1-497B4E1BBE60}.Debug|Any CPU.ActiveCfg = Debug|Any CPU
		{581387E7-3AA8-42CA-A2E1-497B4E1BBE60}.Debug|Any CPU.Build.0 = Debug|Any CPU
		{581387E7-3AA8-42CA-A2E1-497B4E1BBE60}.Debug|x64.ActiveCfg = Debug|Any CPU
		{581387E7-3AA8-42CA-A2E1-497B4E1BBE60}.Debug|x64.Build.0 = Debug|Any CPU
		{581387E7-3AA8-42CA-A2E1-497B4E1BBE60}.Debug|x86.ActiveCfg = Debug|Any CPU
		{581387E7-3AA8-42CA-A2E1-497B4E1BBE60}.Debug|x86.Build.0 = Debug|Any CPU
		{581387E7-3AA8-42CA-A2E1-497B4E1BBE60}.Release|Any CPU.ActiveCfg = Release|Any CPU
		{581387E7-3AA8-42CA-A2E1-497B4E1BBE60}.Release|Any CPU.Build.0 = Release|Any CPU
		{581387E7-3AA8-42CA-A2E1-497B4E1BBE60}.Release|x64.ActiveCfg = Release|Any CPU
		{581387E7-3AA8-42CA-A2E1-497B4E1BBE60}.Release|x64.Build.0 = Release|Any CPU
		{581387E7-3AA8-42CA-A2E1-497B4E1BBE60}.Release|x86.ActiveCfg = Release|Any CPU
		{581387E7-3AA8-42CA-A2E1-497B4E1BBE60}.Release|x86.Build.0 = Release|Any CPU
		{90498C00-D917-4AE4-8718-48863E9DE5CA}.Debug|Any CPU.ActiveCfg = Debug|Any CPU
		{90498C00-D917-4AE4-8718-48863E9DE5CA}.Debug|Any CPU.Build.0 = Debug|Any CPU
		{90498C00-D917-4AE4-8718-48863E9DE5CA}.Debug|x64.ActiveCfg = Debug|Any CPU
		{90498C00-D917-4AE4-8718-48863E9DE5CA}.Debug|x64.Build.0 = Debug|Any CPU
		{90498C00-D917-4AE4-8718-48863E9DE5CA}.Debug|x86.ActiveCfg = Debug|Any CPU
		{90498C00-D917-4AE4-8718-48863E9DE5CA}.Debug|x86.Build.0 = Debug|Any CPU
		{90498C00-D917-4AE4-8718-48863E9DE5CA}.Release|Any CPU.ActiveCfg = Release|Any CPU
		{90498C00-D917-4AE4-8718-48863E9DE5CA}.Release|Any CPU.Build.0 = Release|Any CPU
		{90498C00-D917-4AE4-8718-48863E9DE5CA}.Release|x64.ActiveCfg = Release|Any CPU
		{90498C00-D917-4AE4-8718-48863E9DE5CA}.Release|x64.Build.0 = Release|Any CPU
		{90498C00-D917-4AE4-8718-48863E9DE5CA}.Release|x86.ActiveCfg = Release|Any CPU
		{90498C00-D917-4AE4-8718-48863E9DE5CA}.Release|x86.Build.0 = Release|Any CPU
		{2CAED9DD-B12C-41F9-9985-E35C20B5C9D0}.Debug|Any CPU.ActiveCfg = Debug|Any CPU
		{2CAED9DD-B12C-41F9-9985-E35C20B5C9D0}.Debug|Any CPU.Build.0 = Debug|Any CPU
		{2CAED9DD-B12C-41F9-9985-E35C20B5C9D0}.Debug|x64.ActiveCfg = Debug|Any CPU
		{2CAED9DD-B12C-41F9-9985-E35C20B5C9D0}.Debug|x64.Build.0 = Debug|Any CPU
		{2CAED9DD-B12C-41F9-9985-E35C20B5C9D0}.Debug|x86.ActiveCfg = Debug|Any CPU
		{2CAED9DD-B12C-41F9-9985-E35C20B5C9D0}.Debug|x86.Build.0 = Debug|Any CPU
		{2CAED9DD-B12C-41F9-9985-E35C20B5C9D0}.Release|Any CPU.ActiveCfg = Release|Any CPU
		{2CAED9DD-B12C-41F9-9985-E35C20B5C9D0}.Release|Any CPU.Build.0 = Release|Any CPU
		{2CAED9DD-B12C-41F9-9985-E35C20B5C9D0}.Release|x64.ActiveCfg = Release|Any CPU
		{2CAED9DD-B12C-41F9-9985-E35C20B5C9D0}.Release|x64.Build.0 = Release|Any CPU
		{2CAED9DD-B12C-41F9-9985-E35C20B5C9D0}.Release|x86.ActiveCfg = Release|Any CPU
		{2CAED9DD-B12C-41F9-9985-E35C20B5C9D0}.Release|x86.Build.0 = Release|Any CPU
		{3992A3CA-EBD9-4222-A0D0-A5DF855FCAE3}.Debug|Any CPU.ActiveCfg = Debug|Win32
		{3992A3CA-EBD9-4222-A0D0-A5DF855FCAE3}.Debug|x64.ActiveCfg = Debug|x64
		{3992A3CA-EBD9-4222-A0D0-A5DF855FCAE3}.Debug|x64.Build.0 = Debug|x64
		{3992A3CA-EBD9-4222-A0D0-A5DF855FCAE3}.Debug|x86.ActiveCfg = Debug|Win32
		{3992A3CA-EBD9-4222-A0D0-A5DF855FCAE3}.Debug|x86.Build.0 = Debug|Win32
		{3992A3CA-EBD9-4222-A0D0-A5DF855FCAE3}.Release|Any CPU.ActiveCfg = Release|Win32
		{3992A3CA-EBD9-4222-A0D0-A5DF855FCAE3}.Release|x64.ActiveCfg = Release|x64
		{3992A3CA-EBD9-4222-A0D0-A5DF855FCAE3}.Release|x64.Build.0 = Release|x64
		{3992A3CA-EBD9-4222-A0D0-A5DF855FCAE3}.Release|x86.ActiveCfg = Release|Win32
		{3992A3CA-EBD9-4222-A0D0-A5DF855FCAE3}.Release|x86.Build.0 = Release|Win32
		{C3FD7D2E-A997-46AF-A072-2EC30223E9DE}.Debug|Any CPU.ActiveCfg = Debug|Any CPU
		{C3FD7D2E-A997-46AF-A072-2EC30223E9DE}.Debug|Any CPU.Build.0 = Debug|Any CPU
		{C3FD7D2E-A997-46AF-A072-2EC30223E9DE}.Debug|x64.ActiveCfg = Debug|Any CPU
		{C3FD7D2E-A997-46AF-A072-2EC30223E9DE}.Debug|x64.Build.0 = Debug|Any CPU
		{C3FD7D2E-A997-46AF-A072-2EC30223E9DE}.Debug|x86.ActiveCfg = Debug|Any CPU
		{C3FD7D2E-A997-46AF-A072-2EC30223E9DE}.Debug|x86.Build.0 = Debug|Any CPU
		{C3FD7D2E-A997-46AF-A072-2EC30223E9DE}.Release|Any CPU.ActiveCfg = Release|Any CPU
		{C3FD7D2E-A997-46AF-A072-2EC30223E9DE}.Release|Any CPU.Build.0 = Release|Any CPU
		{C3FD7D2E-A997-46AF-A072-2EC30223E9DE}.Release|x64.ActiveCfg = Release|Any CPU
		{C3FD7D2E-A997-46AF-A072-2EC30223E9DE}.Release|x64.Build.0 = Release|Any CPU
		{C3FD7D2E-A997-46AF-A072-2EC30223E9DE}.Release|x86.ActiveCfg = Release|Any CPU
		{C3FD7D2E-A997-46AF-A072-2EC30223E9DE}.Release|x86.Build.0 = Release|Any CPU
		{0E127D58-DD41-4B2F-B4C4-9713CE649ACC}.Debug|Any CPU.ActiveCfg = Debug|Any CPU
		{0E127D58-DD41-4B2F-B4C4-9713CE649ACC}.Debug|Any CPU.Build.0 = Debug|Any CPU
		{0E127D58-DD41-4B2F-B4C4-9713CE649ACC}.Debug|x64.ActiveCfg = Debug|Any CPU
		{0E127D58-DD41-4B2F-B4C4-9713CE649ACC}.Debug|x64.Build.0 = Debug|Any CPU
		{0E127D58-DD41-4B2F-B4C4-9713CE649ACC}.Debug|x86.ActiveCfg = Debug|Any CPU
		{0E127D58-DD41-4B2F-B4C4-9713CE649ACC}.Debug|x86.Build.0 = Debug|Any CPU
		{0E127D58-DD41-4B2F-B4C4-9713CE649ACC}.Release|Any CPU.ActiveCfg = Release|Any CPU
		{0E127D58-DD41-4B2F-B4C4-9713CE649ACC}.Release|Any CPU.Build.0 = Release|Any CPU
		{0E127D58-DD41-4B2F-B4C4-9713CE649ACC}.Release|x64.ActiveCfg = Release|Any CPU
		{0E127D58-DD41-4B2F-B4C4-9713CE649ACC}.Release|x64.Build.0 = Release|Any CPU
		{0E127D58-DD41-4B2F-B4C4-9713CE649ACC}.Release|x86.ActiveCfg = Release|Any CPU
		{0E127D58-DD41-4B2F-B4C4-9713CE649ACC}.Release|x86.Build.0 = Release|Any CPU
		{C953BF1F-3C7E-4882-8304-AC758D6FAE14}.Debug|Any CPU.ActiveCfg = Debug|Any CPU
		{C953BF1F-3C7E-4882-8304-AC758D6FAE14}.Debug|Any CPU.Build.0 = Debug|Any CPU
		{C953BF1F-3C7E-4882-8304-AC758D6FAE14}.Debug|x64.ActiveCfg = Debug|Any CPU
		{C953BF1F-3C7E-4882-8304-AC758D6FAE14}.Debug|x64.Build.0 = Debug|Any CPU
		{C953BF1F-3C7E-4882-8304-AC758D6FAE14}.Debug|x86.ActiveCfg = Debug|Any CPU
		{C953BF1F-3C7E-4882-8304-AC758D6FAE14}.Debug|x86.Build.0 = Debug|Any CPU
		{C953BF1F-3C7E-4882-8304-AC758D6FAE14}.Release|Any CPU.ActiveCfg = Release|Any CPU
		{C953BF1F-3C7E-4882-8304-AC758D6FAE14}.Release|Any CPU.Build.0 = Release|Any CPU
		{C953BF1F-3C7E-4882-8304-AC758D6FAE14}.Release|x64.ActiveCfg = Release|Any CPU
		{C953BF1F-3C7E-4882-8304-AC758D6FAE14}.Release|x64.Build.0 = Release|Any CPU
		{C953BF1F-3C7E-4882-8304-AC758D6FAE14}.Release|x86.ActiveCfg = Release|Any CPU
		{C953BF1F-3C7E-4882-8304-AC758D6FAE14}.Release|x86.Build.0 = Release|Any CPU
		{159EDAE3-A22E-44C5-A9BC-1FC42AECD5A8}.Debug|Any CPU.ActiveCfg = Debug|Any CPU
		{159EDAE3-A22E-44C5-A9BC-1FC42AECD5A8}.Debug|Any CPU.Build.0 = Debug|Any CPU
		{159EDAE3-A22E-44C5-A9BC-1FC42AECD5A8}.Debug|x64.ActiveCfg = Debug|Any CPU
		{159EDAE3-A22E-44C5-A9BC-1FC42AECD5A8}.Debug|x64.Build.0 = Debug|Any CPU
		{159EDAE3-A22E-44C5-A9BC-1FC42AECD5A8}.Debug|x86.ActiveCfg = Debug|Any CPU
		{159EDAE3-A22E-44C5-A9BC-1FC42AECD5A8}.Debug|x86.Build.0 = Debug|Any CPU
		{159EDAE3-A22E-44C5-A9BC-1FC42AECD5A8}.Release|Any CPU.ActiveCfg = Release|Any CPU
		{159EDAE3-A22E-44C5-A9BC-1FC42AECD5A8}.Release|Any CPU.Build.0 = Release|Any CPU
		{159EDAE3-A22E-44C5-A9BC-1FC42AECD5A8}.Release|x64.ActiveCfg = Release|Any CPU
		{159EDAE3-A22E-44C5-A9BC-1FC42AECD5A8}.Release|x64.Build.0 = Release|Any CPU
		{159EDAE3-A22E-44C5-A9BC-1FC42AECD5A8}.Release|x86.ActiveCfg = Release|Any CPU
		{159EDAE3-A22E-44C5-A9BC-1FC42AECD5A8}.Release|x86.Build.0 = Release|Any CPU
		{3AB8DAB0-55FE-43BE-A8CA-7E31D53DD0D7}.Debug|Any CPU.ActiveCfg = Debug|Any CPU
		{3AB8DAB0-55FE-43BE-A8CA-7E31D53DD0D7}.Debug|Any CPU.Build.0 = Debug|Any CPU
		{3AB8DAB0-55FE-43BE-A8CA-7E31D53DD0D7}.Debug|x64.ActiveCfg = Debug|Any CPU
		{3AB8DAB0-55FE-43BE-A8CA-7E31D53DD0D7}.Debug|x64.Build.0 = Debug|Any CPU
		{3AB8DAB0-55FE-43BE-A8CA-7E31D53DD0D7}.Debug|x86.ActiveCfg = Debug|Any CPU
		{3AB8DAB0-55FE-43BE-A8CA-7E31D53DD0D7}.Debug|x86.Build.0 = Debug|Any CPU
		{3AB8DAB0-55FE-43BE-A8CA-7E31D53DD0D7}.Release|Any CPU.ActiveCfg = Release|Any CPU
		{3AB8DAB0-55FE-43BE-A8CA-7E31D53DD0D7}.Release|Any CPU.Build.0 = Release|Any CPU
		{3AB8DAB0-55FE-43BE-A8CA-7E31D53DD0D7}.Release|x64.ActiveCfg = Release|Any CPU
		{3AB8DAB0-55FE-43BE-A8CA-7E31D53DD0D7}.Release|x64.Build.0 = Release|Any CPU
		{3AB8DAB0-55FE-43BE-A8CA-7E31D53DD0D7}.Release|x86.ActiveCfg = Release|Any CPU
		{3AB8DAB0-55FE-43BE-A8CA-7E31D53DD0D7}.Release|x86.Build.0 = Release|Any CPU
		{FAD5FB71-9409-48C2-B716-FDFEF2454B06}.Debug|Any CPU.ActiveCfg = Debug|Any CPU
		{FAD5FB71-9409-48C2-B716-FDFEF2454B06}.Debug|Any CPU.Build.0 = Debug|Any CPU
		{FAD5FB71-9409-48C2-B716-FDFEF2454B06}.Debug|x64.ActiveCfg = Debug|Any CPU
		{FAD5FB71-9409-48C2-B716-FDFEF2454B06}.Debug|x64.Build.0 = Debug|Any CPU
		{FAD5FB71-9409-48C2-B716-FDFEF2454B06}.Debug|x86.ActiveCfg = Debug|Any CPU
		{FAD5FB71-9409-48C2-B716-FDFEF2454B06}.Debug|x86.Build.0 = Debug|Any CPU
		{FAD5FB71-9409-48C2-B716-FDFEF2454B06}.Release|Any CPU.ActiveCfg = Release|Any CPU
		{FAD5FB71-9409-48C2-B716-FDFEF2454B06}.Release|Any CPU.Build.0 = Release|Any CPU
		{FAD5FB71-9409-48C2-B716-FDFEF2454B06}.Release|x64.ActiveCfg = Release|Any CPU
		{FAD5FB71-9409-48C2-B716-FDFEF2454B06}.Release|x64.Build.0 = Release|Any CPU
		{FAD5FB71-9409-48C2-B716-FDFEF2454B06}.Release|x86.ActiveCfg = Release|Any CPU
		{FAD5FB71-9409-48C2-B716-FDFEF2454B06}.Release|x86.Build.0 = Release|Any CPU
		{24BFCAB3-34ED-4203-8337-6E0196B58F4E}.Debug|Any CPU.ActiveCfg = Debug|Any CPU
		{24BFCAB3-34ED-4203-8337-6E0196B58F4E}.Debug|Any CPU.Build.0 = Debug|Any CPU
		{24BFCAB3-34ED-4203-8337-6E0196B58F4E}.Debug|x64.ActiveCfg = Debug|Any CPU
		{24BFCAB3-34ED-4203-8337-6E0196B58F4E}.Debug|x64.Build.0 = Debug|Any CPU
		{24BFCAB3-34ED-4203-8337-6E0196B58F4E}.Debug|x86.ActiveCfg = Debug|Any CPU
		{24BFCAB3-34ED-4203-8337-6E0196B58F4E}.Debug|x86.Build.0 = Debug|Any CPU
		{24BFCAB3-34ED-4203-8337-6E0196B58F4E}.Release|Any CPU.ActiveCfg = Release|Any CPU
		{24BFCAB3-34ED-4203-8337-6E0196B58F4E}.Release|Any CPU.Build.0 = Release|Any CPU
		{24BFCAB3-34ED-4203-8337-6E0196B58F4E}.Release|x64.ActiveCfg = Release|Any CPU
		{24BFCAB3-34ED-4203-8337-6E0196B58F4E}.Release|x64.Build.0 = Release|Any CPU
		{24BFCAB3-34ED-4203-8337-6E0196B58F4E}.Release|x86.ActiveCfg = Release|Any CPU
		{24BFCAB3-34ED-4203-8337-6E0196B58F4E}.Release|x86.Build.0 = Release|Any CPU
		{81CD8186-1475-4525-850C-B717795FDA2B}.Debug|Any CPU.ActiveCfg = Debug|Any CPU
		{81CD8186-1475-4525-850C-B717795FDA2B}.Debug|Any CPU.Build.0 = Debug|Any CPU
		{81CD8186-1475-4525-850C-B717795FDA2B}.Debug|x64.ActiveCfg = Debug|Any CPU
		{81CD8186-1475-4525-850C-B717795FDA2B}.Debug|x64.Build.0 = Debug|Any CPU
		{81CD8186-1475-4525-850C-B717795FDA2B}.Debug|x86.ActiveCfg = Debug|Any CPU
		{81CD8186-1475-4525-850C-B717795FDA2B}.Debug|x86.Build.0 = Debug|Any CPU
		{81CD8186-1475-4525-850C-B717795FDA2B}.Release|Any CPU.ActiveCfg = Release|Any CPU
		{81CD8186-1475-4525-850C-B717795FDA2B}.Release|Any CPU.Build.0 = Release|Any CPU
		{81CD8186-1475-4525-850C-B717795FDA2B}.Release|x64.ActiveCfg = Release|Any CPU
		{81CD8186-1475-4525-850C-B717795FDA2B}.Release|x64.Build.0 = Release|Any CPU
		{81CD8186-1475-4525-850C-B717795FDA2B}.Release|x86.ActiveCfg = Release|Any CPU
		{81CD8186-1475-4525-850C-B717795FDA2B}.Release|x86.Build.0 = Release|Any CPU
		{67063781-102F-4202-BD0D-39D2CC255194}.Debug|Any CPU.ActiveCfg = Debug|Any CPU
		{67063781-102F-4202-BD0D-39D2CC255194}.Debug|Any CPU.Build.0 = Debug|Any CPU
		{67063781-102F-4202-BD0D-39D2CC255194}.Debug|x64.ActiveCfg = Debug|Any CPU
		{67063781-102F-4202-BD0D-39D2CC255194}.Debug|x64.Build.0 = Debug|Any CPU
		{67063781-102F-4202-BD0D-39D2CC255194}.Debug|x86.ActiveCfg = Debug|Any CPU
		{67063781-102F-4202-BD0D-39D2CC255194}.Debug|x86.Build.0 = Debug|Any CPU
		{67063781-102F-4202-BD0D-39D2CC255194}.Release|Any CPU.ActiveCfg = Release|Any CPU
		{67063781-102F-4202-BD0D-39D2CC255194}.Release|Any CPU.Build.0 = Release|Any CPU
		{67063781-102F-4202-BD0D-39D2CC255194}.Release|x64.ActiveCfg = Release|Any CPU
		{67063781-102F-4202-BD0D-39D2CC255194}.Release|x64.Build.0 = Release|Any CPU
		{67063781-102F-4202-BD0D-39D2CC255194}.Release|x86.ActiveCfg = Release|Any CPU
		{67063781-102F-4202-BD0D-39D2CC255194}.Release|x86.Build.0 = Release|Any CPU
		{C55C1A66-440D-436B-8F25-8BB6EFB57253}.Debug|Any CPU.ActiveCfg = Debug|Any CPU
		{C55C1A66-440D-436B-8F25-8BB6EFB57253}.Debug|Any CPU.Build.0 = Debug|Any CPU
		{C55C1A66-440D-436B-8F25-8BB6EFB57253}.Debug|x64.ActiveCfg = Debug|Any CPU
		{C55C1A66-440D-436B-8F25-8BB6EFB57253}.Debug|x64.Build.0 = Debug|Any CPU
		{C55C1A66-440D-436B-8F25-8BB6EFB57253}.Debug|x86.ActiveCfg = Debug|Any CPU
		{C55C1A66-440D-436B-8F25-8BB6EFB57253}.Debug|x86.Build.0 = Debug|Any CPU
		{C55C1A66-440D-436B-8F25-8BB6EFB57253}.Release|Any CPU.ActiveCfg = Release|Any CPU
		{C55C1A66-440D-436B-8F25-8BB6EFB57253}.Release|Any CPU.Build.0 = Release|Any CPU
		{C55C1A66-440D-436B-8F25-8BB6EFB57253}.Release|x64.ActiveCfg = Release|Any CPU
		{C55C1A66-440D-436B-8F25-8BB6EFB57253}.Release|x64.Build.0 = Release|Any CPU
		{C55C1A66-440D-436B-8F25-8BB6EFB57253}.Release|x86.ActiveCfg = Release|Any CPU
		{C55C1A66-440D-436B-8F25-8BB6EFB57253}.Release|x86.Build.0 = Release|Any CPU
		{8B0F652C-C962-492F-821B-A857EAEE4D07}.Debug|Any CPU.ActiveCfg = Debug|Any CPU
		{8B0F652C-C962-492F-821B-A857EAEE4D07}.Debug|Any CPU.Build.0 = Debug|Any CPU
		{8B0F652C-C962-492F-821B-A857EAEE4D07}.Debug|x64.ActiveCfg = Debug|Any CPU
		{8B0F652C-C962-492F-821B-A857EAEE4D07}.Debug|x64.Build.0 = Debug|Any CPU
		{8B0F652C-C962-492F-821B-A857EAEE4D07}.Debug|x86.ActiveCfg = Debug|Any CPU
		{8B0F652C-C962-492F-821B-A857EAEE4D07}.Debug|x86.Build.0 = Debug|Any CPU
		{8B0F652C-C962-492F-821B-A857EAEE4D07}.Release|Any CPU.ActiveCfg = Release|Any CPU
		{8B0F652C-C962-492F-821B-A857EAEE4D07}.Release|Any CPU.Build.0 = Release|Any CPU
		{8B0F652C-C962-492F-821B-A857EAEE4D07}.Release|x64.ActiveCfg = Release|Any CPU
		{8B0F652C-C962-492F-821B-A857EAEE4D07}.Release|x64.Build.0 = Release|Any CPU
		{8B0F652C-C962-492F-821B-A857EAEE4D07}.Release|x86.ActiveCfg = Release|Any CPU
		{8B0F652C-C962-492F-821B-A857EAEE4D07}.Release|x86.Build.0 = Release|Any CPU
		{2112846F-597B-4F48-A252-60CA40B37906}.Debug|Any CPU.ActiveCfg = Debug|Any CPU
		{2112846F-597B-4F48-A252-60CA40B37906}.Debug|Any CPU.Build.0 = Debug|Any CPU
		{2112846F-597B-4F48-A252-60CA40B37906}.Debug|x64.ActiveCfg = Debug|Any CPU
		{2112846F-597B-4F48-A252-60CA40B37906}.Debug|x64.Build.0 = Debug|Any CPU
		{2112846F-597B-4F48-A252-60CA40B37906}.Debug|x86.ActiveCfg = Debug|Any CPU
		{2112846F-597B-4F48-A252-60CA40B37906}.Debug|x86.Build.0 = Debug|Any CPU
		{2112846F-597B-4F48-A252-60CA40B37906}.Release|Any CPU.ActiveCfg = Release|Any CPU
		{2112846F-597B-4F48-A252-60CA40B37906}.Release|Any CPU.Build.0 = Release|Any CPU
		{2112846F-597B-4F48-A252-60CA40B37906}.Release|x64.ActiveCfg = Release|Any CPU
		{2112846F-597B-4F48-A252-60CA40B37906}.Release|x64.Build.0 = Release|Any CPU
		{2112846F-597B-4F48-A252-60CA40B37906}.Release|x86.ActiveCfg = Release|Any CPU
		{2112846F-597B-4F48-A252-60CA40B37906}.Release|x86.Build.0 = Release|Any CPU
	EndGlobalSection
	GlobalSection(SolutionProperties) = preSolution
		HideSolutionNode = FALSE
	EndGlobalSection
	GlobalSection(NestedProjects) = preSolution
		{C28B32B3-5C39-40D2-B89F-0A5A9CC809F3} = {0D3D875B-86D8-4F23-AF02-5FFF1DCD7AB8}
		{9C68148B-014B-44E9-969A-5094D5BAC1B5} = {525397C5-4D53-450E-8D1B-BC46A687A3CA}
		{525397C5-4D53-450E-8D1B-BC46A687A3CA} = {C62DBF2F-6037-496D-9E2A-0293A913B3ED}
		{0D3D875B-86D8-4F23-AF02-5FFF1DCD7AB8} = {D7A127BA-0BE6-4F62-B63D-43F8C75CCAC1}
		{76A3B5C2-1EBA-4C18-BEF8-CF5EF26D5198} = {E5E955B2-ABC8-4B88-8FB1-A89104EAE144}
		{0C420766-E744-42A4-8726-61416780182C} = {76A3B5C2-1EBA-4C18-BEF8-CF5EF26D5198}
		{037E0E12-90E5-453E-8053-213D11B18763} = {E5E955B2-ABC8-4B88-8FB1-A89104EAE144}
		{3EF5CAB6-1453-4795-A76E-CEA80723E5F2} = {C62DBF2F-6037-496D-9E2A-0293A913B3ED}
		{581387E7-3AA8-42CA-A2E1-497B4E1BBE60} = {3EF5CAB6-1453-4795-A76E-CEA80723E5F2}
		{90498C00-D917-4AE4-8718-48863E9DE5CA} = {037E0E12-90E5-453E-8053-213D11B18763}
		{FF634AD5-8969-42BB-992A-D078AABB7ABF} = {C62DBF2F-6037-496D-9E2A-0293A913B3ED}
		{2CAED9DD-B12C-41F9-9985-E35C20B5C9D0} = {FF634AD5-8969-42BB-992A-D078AABB7ABF}
		{274FA3E8-6853-433E-8538-DF37B63FC0CE} = {E5E955B2-ABC8-4B88-8FB1-A89104EAE144}
		{C3FD7D2E-A997-46AF-A072-2EC30223E9DE} = {274FA3E8-6853-433E-8538-DF37B63FC0CE}
		{6FD3DAD0-B29F-42D9-8586-7F0181040B54} = {C62DBF2F-6037-496D-9E2A-0293A913B3ED}
		{0E127D58-DD41-4B2F-B4C4-9713CE649ACC} = {6FD3DAD0-B29F-42D9-8586-7F0181040B54}
		{B9170F3C-1242-44C7-8D35-86F891A9AB38} = {C62DBF2F-6037-496D-9E2A-0293A913B3ED}
		{C953BF1F-3C7E-4882-8304-AC758D6FAE14} = {B9170F3C-1242-44C7-8D35-86F891A9AB38}
		{7AE4C0D5-937E-4C39-9C06-E2F0AFC5A1D0} = {E5E955B2-ABC8-4B88-8FB1-A89104EAE144}
		{159EDAE3-A22E-44C5-A9BC-1FC42AECD5A8} = {7AE4C0D5-937E-4C39-9C06-E2F0AFC5A1D0}
		{061BC21C-1FCA-4B1E-9D0B-02FBDFF48D7F} = {D7A127BA-0BE6-4F62-B63D-43F8C75CCAC1}
		{3AB8DAB0-55FE-43BE-A8CA-7E31D53DD0D7} = {061BC21C-1FCA-4B1E-9D0B-02FBDFF48D7F}
		{DF6A97B6-A8D3-4A6F-A89A-DBC69BD7DD8D} = {C62DBF2F-6037-496D-9E2A-0293A913B3ED}
		{FAD5FB71-9409-48C2-B716-FDFEF2454B06} = {DF6A97B6-A8D3-4A6F-A89A-DBC69BD7DD8D}
		{8A865DE6-862E-4B0D-A87B-3F558DBE7465} = {C62DBF2F-6037-496D-9E2A-0293A913B3ED}
		{24BFCAB3-34ED-4203-8337-6E0196B58F4E} = {8A865DE6-862E-4B0D-A87B-3F558DBE7465}
		{2ACB17F0-4291-4525-8EE0-51E741B61E48} = {D7A127BA-0BE6-4F62-B63D-43F8C75CCAC1}
		{81CD8186-1475-4525-850C-B717795FDA2B} = {2ACB17F0-4291-4525-8EE0-51E741B61E48}
		{2643D6CB-EC00-4A42-991B-2B00FCF80A8E} = {E5E955B2-ABC8-4B88-8FB1-A89104EAE144}
		{67063781-102F-4202-BD0D-39D2CC255194} = {2643D6CB-EC00-4A42-991B-2B00FCF80A8E}
		{CBB45B4F-F89A-450C-AFA2-C16994649030} = {C62DBF2F-6037-496D-9E2A-0293A913B3ED}
		{C55C1A66-440D-436B-8F25-8BB6EFB57253} = {CBB45B4F-F89A-450C-AFA2-C16994649030}
		{CBB3A992-64BE-4795-BCD8-D6CFA4192ECE} = {E5E955B2-ABC8-4B88-8FB1-A89104EAE144}
		{8B0F652C-C962-492F-821B-A857EAEE4D07} = {CBB3A992-64BE-4795-BCD8-D6CFA4192ECE}
		{FBE48A70-5A0B-42CC-BBE2-BF402B12A5CB} = {E5E955B2-ABC8-4B88-8FB1-A89104EAE144}
		{2112846F-597B-4F48-A252-60CA40B37906} = {FBE48A70-5A0B-42CC-BBE2-BF402B12A5CB}
	EndGlobalSection
	GlobalSection(ExtensibilityGlobals) = postSolution
		SolutionGuid = {F24BA984-A39A-4A0F-B783-DA69DFC3A671}
	EndGlobalSection
EndGlobal
